
Microsoft Visual Studio Solution File, Format Version 12.00
# Visual Studio Version 17
VisualStudioVersion = 17.2.32630.192
MinimumVisualStudioVersion = 10.0.40219.1
Project("{9A19103F-16F7-4668-BE54-9A1E7A4F7556}") = "DataGen", "src\DataGen\DataGen.csproj", "{9A548D0A-985A-44A0-BDD9-981F1CBC4A66}"
EndProject
Project("{9A19103F-16F7-4668-BE54-9A1E7A4F7556}") = "N8T.Core", "src\Libs\N8T.Core\N8T.Core.csproj", "{2AB374A7-A94B-4F62-B8DA-39E55CC153FB}"
EndProject
Project("{9A19103F-16F7-4668-BE54-9A1E7A4F7556}") = "N8T.Infrastructure", "src\Libs\N8T.Infrastructure\N8T.Infrastructure.csproj", "{6FAB9CEB-D272-436E-B961-EE4F83D799EA}"
EndProject
Project("{9A19103F-16F7-4668-BE54-9A1E7A4F7556}") = "N8T.Infrastructure.EfCore", "src\Libs\N8T.Infrastructure.EfCore\N8T.Infrastructure.EfCore.csproj", "{F408CC02-E389-4EFA-A0B8-2778E1BF56E3}"
EndProject
Project("{2150E333-8FDC-42A3-9474-1A3956D46DE8}") = "Libs", "Libs", "{82307FD7-80E2-45EA-8305-C52CC18489BE}"
EndProject
Project("{2150E333-8FDC-42A3-9474-1A3956D46DE8}") = "SupportServices", "SupportServices", "{D2B83938-1127-437D-B2FE-CE0BD2D64C5A}"
EndProject
Project("{9A19103F-16F7-4668-BE54-9A1E7A4F7556}") = "ProductService", "src\ProductService\ProductService.csproj", "{7099E3B9-DE44-4455-B4AE-8C1C1D6EF5F8}"
EndProject
Project("{9A19103F-16F7-4668-BE54-9A1E7A4F7556}") = "CounterService", "src\CounterService\CounterService.csproj", "{7F9AF527-4534-4898-952E-9BB31FB59F4B}"
EndProject
Project("{9A19103F-16F7-4668-BE54-9A1E7A4F7556}") = "KitchenService", "src\KitchenService\KitchenService.csproj", "{861C72C3-DDEA-4F52-9D2F-DA585CDF0885}"
EndProject
Project("{9A19103F-16F7-4668-BE54-9A1E7A4F7556}") = "BaristaService", "src\BaristaService\BaristaService.csproj", "{5DD464C1-19C9-46D2-9FC7-9AF848BD78A8}"
EndProject
Project("{9A19103F-16F7-4668-BE54-9A1E7A4F7556}") = "ReverseProxy", "src\ReverseProxy\ReverseProxy.csproj", "{B350DE20-CBB0-4DAE-ABC0-6799B85C42F0}"
EndProject
Project("{2150E333-8FDC-42A3-9474-1A3956D46DE8}") = "Proxy", "Proxy", "{12503F61-1771-498A-929C-63896A5AFCFE}"
EndProject
Project("{2150E333-8FDC-42A3-9474-1A3956D46DE8}") = "CoreServices", "CoreServices", "{537DDBA7-ED33-4D73-AF68-F56A845D2C88}"
EndProject
Project("{FAE04EC0-301F-11D3-BF4B-00C04F79EFBC}") = "CoffeeShop.Contracts", "src\Libs\CoffeeShop.Contracts\CoffeeShop.Contracts.csproj", "{BBD8E8FB-B22A-4AFF-A980-B275367650E6}"
EndProject
Global
	GlobalSection(SolutionConfigurationPlatforms) = preSolution
		Debug|Any CPU = Debug|Any CPU
		Release|Any CPU = Release|Any CPU
	EndGlobalSection
	GlobalSection(ProjectConfigurationPlatforms) = postSolution
		{9A548D0A-985A-44A0-BDD9-981F1CBC4A66}.Debug|Any CPU.ActiveCfg = Debug|Any CPU
		{9A548D0A-985A-44A0-BDD9-981F1CBC4A66}.Debug|Any CPU.Build.0 = Debug|Any CPU
		{9A548D0A-985A-44A0-BDD9-981F1CBC4A66}.Release|Any CPU.ActiveCfg = Release|Any CPU
		{9A548D0A-985A-44A0-BDD9-981F1CBC4A66}.Release|Any CPU.Build.0 = Release|Any CPU
		{2AB374A7-A94B-4F62-B8DA-39E55CC153FB}.Debug|Any CPU.ActiveCfg = Debug|Any CPU
		{2AB374A7-A94B-4F62-B8DA-39E55CC153FB}.Debug|Any CPU.Build.0 = Debug|Any CPU
		{2AB374A7-A94B-4F62-B8DA-39E55CC153FB}.Release|Any CPU.ActiveCfg = Release|Any CPU
		{2AB374A7-A94B-4F62-B8DA-39E55CC153FB}.Release|Any CPU.Build.0 = Release|Any CPU
		{6FAB9CEB-D272-436E-B961-EE4F83D799EA}.Debug|Any CPU.ActiveCfg = Debug|Any CPU
		{6FAB9CEB-D272-436E-B961-EE4F83D799EA}.Debug|Any CPU.Build.0 = Debug|Any CPU
		{6FAB9CEB-D272-436E-B961-EE4F83D799EA}.Release|Any CPU.ActiveCfg = Release|Any CPU
		{6FAB9CEB-D272-436E-B961-EE4F83D799EA}.Release|Any CPU.Build.0 = Release|Any CPU
		{F408CC02-E389-4EFA-A0B8-2778E1BF56E3}.Debug|Any CPU.ActiveCfg = Debug|Any CPU
		{F408CC02-E389-4EFA-A0B8-2778E1BF56E3}.Debug|Any CPU.Build.0 = Debug|Any CPU
		{F408CC02-E389-4EFA-A0B8-2778E1BF56E3}.Release|Any CPU.ActiveCfg = Release|Any CPU
		{F408CC02-E389-4EFA-A0B8-2778E1BF56E3}.Release|Any CPU.Build.0 = Release|Any CPU
		{7099E3B9-DE44-4455-B4AE-8C1C1D6EF5F8}.Debug|Any CPU.ActiveCfg = Debug|Any CPU
		{7099E3B9-DE44-4455-B4AE-8C1C1D6EF5F8}.Debug|Any CPU.Build.0 = Debug|Any CPU
		{7099E3B9-DE44-4455-B4AE-8C1C1D6EF5F8}.Release|Any CPU.ActiveCfg = Release|Any CPU
		{7099E3B9-DE44-4455-B4AE-8C1C1D6EF5F8}.Release|Any CPU.Build.0 = Release|Any CPU
		{7F9AF527-4534-4898-952E-9BB31FB59F4B}.Debug|Any CPU.ActiveCfg = Debug|Any CPU
		{7F9AF527-4534-4898-952E-9BB31FB59F4B}.Debug|Any CPU.Build.0 = Debug|Any CPU
		{7F9AF527-4534-4898-952E-9BB31FB59F4B}.Release|Any CPU.ActiveCfg = Release|Any CPU
		{7F9AF527-4534-4898-952E-9BB31FB59F4B}.Release|Any CPU.Build.0 = Release|Any CPU
		{861C72C3-DDEA-4F52-9D2F-DA585CDF0885}.Debug|Any CPU.ActiveCfg = Debug|Any CPU
		{861C72C3-DDEA-4F52-9D2F-DA585CDF0885}.Debug|Any CPU.Build.0 = Debug|Any CPU
		{861C72C3-DDEA-4F52-9D2F-DA585CDF0885}.Release|Any CPU.ActiveCfg = Release|Any CPU
		{861C72C3-DDEA-4F52-9D2F-DA585CDF0885}.Release|Any CPU.Build.0 = Release|Any CPU
		{5DD464C1-19C9-46D2-9FC7-9AF848BD78A8}.Debug|Any CPU.ActiveCfg = Debug|Any CPU
		{5DD464C1-19C9-46D2-9FC7-9AF848BD78A8}.Debug|Any CPU.Build.0 = Debug|Any CPU
		{5DD464C1-19C9-46D2-9FC7-9AF848BD78A8}.Release|Any CPU.ActiveCfg = Release|Any CPU
		{5DD464C1-19C9-46D2-9FC7-9AF848BD78A8}.Release|Any CPU.Build.0 = Release|Any CPU
		{B350DE20-CBB0-4DAE-ABC0-6799B85C42F0}.Debug|Any CPU.ActiveCfg = Debug|Any CPU
		{B350DE20-CBB0-4DAE-ABC0-6799B85C42F0}.Debug|Any CPU.Build.0 = Debug|Any CPU
		{B350DE20-CBB0-4DAE-ABC0-6799B85C42F0}.Release|Any CPU.ActiveCfg = Release|Any CPU
		{B350DE20-CBB0-4DAE-ABC0-6799B85C42F0}.Release|Any CPU.Build.0 = Release|Any CPU
		{BBD8E8FB-B22A-4AFF-A980-B275367650E6}.Debug|Any CPU.ActiveCfg = Debug|Any CPU
		{BBD8E8FB-B22A-4AFF-A980-B275367650E6}.Debug|Any CPU.Build.0 = Debug|Any CPU
		{BBD8E8FB-B22A-4AFF-A980-B275367650E6}.Release|Any CPU.ActiveCfg = Release|Any CPU
		{BBD8E8FB-B22A-4AFF-A980-B275367650E6}.Release|Any CPU.Build.0 = Release|Any CPU
	EndGlobalSection
	GlobalSection(SolutionProperties) = preSolution
		HideSolutionNode = FALSE
	EndGlobalSection
	GlobalSection(NestedProjects) = preSolution
		{9A548D0A-985A-44A0-BDD9-981F1CBC4A66} = {D2B83938-1127-437D-B2FE-CE0BD2D64C5A}
		{2AB374A7-A94B-4F62-B8DA-39E55CC153FB} = {82307FD7-80E2-45EA-8305-C52CC18489BE}
		{6FAB9CEB-D272-436E-B961-EE4F83D799EA} = {82307FD7-80E2-45EA-8305-C52CC18489BE}
		{F408CC02-E389-4EFA-A0B8-2778E1BF56E3} = {82307FD7-80E2-45EA-8305-C52CC18489BE}
		{7099E3B9-DE44-4455-B4AE-8C1C1D6EF5F8} = {537DDBA7-ED33-4D73-AF68-F56A845D2C88}
		{7F9AF527-4534-4898-952E-9BB31FB59F4B} = {537DDBA7-ED33-4D73-AF68-F56A845D2C88}
		{861C72C3-DDEA-4F52-9D2F-DA585CDF0885} = {537DDBA7-ED33-4D73-AF68-F56A845D2C88}
		{5DD464C1-19C9-46D2-9FC7-9AF848BD78A8} = {537DDBA7-ED33-4D73-AF68-F56A845D2C88}
		{B350DE20-CBB0-4DAE-ABC0-6799B85C42F0} = {12503F61-1771-498A-929C-63896A5AFCFE}
		{BBD8E8FB-B22A-4AFF-A980-B275367650E6} = {82307FD7-80E2-45EA-8305-C52CC18489BE}
	EndGlobalSection
	GlobalSection(ExtensibilityGlobals) = postSolution
		SolutionGuid = {07180F2D-5FF0-41E4-9A46-4EDC08DE08A2}
	EndGlobalSection
EndGlobal
